# This file is automatically @generated by Cargo.
# It is not intended for manual editing.
version = 4

[[package]]
name = "autocfg"
version = "1.5.0"
source = "registry+https://github.com/rust-lang/crates.io-index"
checksum = "c08606f8c3cbf4ce6ec8e28fb0014a2c086708fe954eaa885384a6165172e7e8"

[[package]]
name = "hashbrown"
version = "0.12.3"
source = "registry+https://github.com/rust-lang/crates.io-index"
checksum = "8a9ee70c43aaf417c914396645a0fa852624801b24ebb7ae78fe8272889ac888"

[[package]]
name = "indexmap"
version = "1.9.3"
source = "registry+https://github.com/rust-lang/crates.io-index"
checksum = "bd070e393353796e801d209ad339e89596eb4c8d430d18ede6a1cced8fafbd99"
dependencies = [
 "autocfg",
 "hashbrown",
]

[[package]]
name = "mavlink_parser_vest"
version = "0.1.0"
dependencies = [
 "verus_builtin",
 "verus_builtin_macros",
 "vest_lib",
 "vstd",
]

[[package]]
name = "proc-macro2"
version = "1.0.106"
source = "registry+https://github.com/rust-lang/crates.io-index"
checksum = "8fd00f0bb2e90d81d1044c2b32617f68fcb9fa3bb7640c23e9c748e53fb30934"
dependencies = [
 "unicode-ident",
]

[[package]]
name = "quote"
version = "1.0.45"
source = "registry+https://github.com/rust-lang/crates.io-index"
checksum = "41f2619966050689382d2b44f664f4bc593e129785a36d6ee376ddf37259b924"
dependencies = [
 "proc-macro2",
]

[[package]]
name = "syn"
version = "2.0.117"
source = "registry+https://github.com/rust-lang/crates.io-index"
checksum = "e665b8803e7b1d2a727f4023456bbbbe74da67099c585258af0ad9c5013b9b99"
dependencies = [
 "proc-macro2",
 "quote",
 "unicode-ident",
]

[[package]]
name = "synstructure"
version = "0.13.2"
source = "registry+https://github.com/rust-lang/crates.io-index"
checksum = "728a70f3dbaf5bab7f0c4b1ac8d7ae5ea60a4b5549c8a5914361c99147a709d2"
dependencies = [
 "proc-macro2",
 "quote",
 "syn",
]

[[package]]
name = "unicode-ident"
version = "1.0.24"
source = "registry+https://github.com/rust-lang/crates.io-index"
checksum = "e6e4313cd5fcd3dad5cafa179702e2b244f760991f45397d14d4ebf38247da75"

[[package]]
name = "verus_builtin"
version = "0.0.0-2026-01-11-0057"
source = "registry+https://github.com/rust-lang/crates.io-index"
checksum = "00a68fbddfc2ae5e1bb6810067083059f416c21af7758542da120ddaf742e3a5"

[[package]]
name = "verus_builtin_macros"
version = "0.0.0-2025-12-07-0054"
source = "registry+https://github.com/rust-lang/crates.io-index"
checksum = "10da8352d708967c867ad9f51a3028af567e4aae519a78c9ca54d19be74631c1"
dependencies = [
 "proc-macro2",
 "quote",
 "syn",
 "synstructure",
 "verus_prettyplease",
 "verus_syn",
]

[[package]]
name = "verus_prettyplease"
version = "0.0.0-2025-11-16-0050"
source = "registry+https://github.com/rust-lang/crates.io-index"
checksum = "32f6851d9ddf5bfdd1c7a7abff8cb797df18b67b80c3da35e0cbfa939d725ef1"
dependencies = [
 "proc-macro2",
 "verus_syn",
]

[[package]]
name = "verus_state_machines_macros"
version = "0.0.0-2025-11-23-0053"
source = "registry+https://github.com/rust-lang/crates.io-index"
checksum = "7f0d2b64ab30b4d79d55b8ba83df03dcb6a550805d0f9586f700b4bb6e82be8a"
dependencies = [
 "indexmap",
 "proc-macro2",
 "quote",
 "verus_syn",
]

[[package]]
name = "verus_syn"
version = "0.0.0-2025-11-16-0050"
source = "registry+https://github.com/rust-lang/crates.io-index"
checksum = "e8fd239518d302792a2c1b2a6bfe2286268810b9627c5507fbc502ea3e88b805"
dependencies = [
 "proc-macro2",
 "quote",
 "unicode-ident",
]

[[package]]
name = "vest_lib"
version = "0.0.1"
dependencies = [
 "vstd",
]

[[package]]
name = "vstd"
version = "0.0.0-2026-01-11-0057"
source = "registry+https://github.com/rust-lang/crates.io-index"
checksum = "b0b453c2a947c506a7df4c71f875382a9dd476b74eec18883da7632521fb8537"
dependencies = [
 "verus_builtin",
 "verus_builtin_macros",
 "verus_state_machines_macros",
]
